hash: f3a1df600beeefb6dd58f4a2d5a97def95adfb4a489ced635ff12098992afb51
updated: 2017-01-16T13:22:11.788976616-06:00
imports:
- name: github.com/hashicorp/consul
  version: 26a0ef8c41aa2252ab4cf0844fc6470c8e1d8256
  subpackages:
  - api
- name: github.com/hashicorp/go-cleanhttp
  version: 875fb671b3ddc66f8e2f0acc33829c8cb989a38d
- name: github.com/hashicorp/serf
  version: e4ec8cc423bbe20d26584b96efbeb9102e16d05f
  subpackages:
  - coordinate
  - serf
testImports: []
